
Microsoft Visual Studio Solution File, Format Version 12.00
# Visual Studio Version 17
VisualStudioVersion = 17.3.32922.545
MinimumVisualStudioVersion = 10.0.40219.1
Project("{9A19103F-16F7-4668-BE54-9A1E7A4F7556}") = "MercadonaStudi", "MercadonaStudi\MercadonaStudi.csproj", "{EF1D539C-55DD-4621-952D-8C1BA3D0C282}"
EndProject
Project("{FAE04EC0-301F-11D3-BF4B-00C04F79EFBC}") = "MercadonaStudi.Test", "MercadonaStudiTests\MercadonaStudi.Test.csproj", "{80F6F5CE-7DDB-4248-ABDC-B4EABF8B5711}"
EndProject
Global
	GlobalSection(SolutionConfigurationPlatforms) = preSolution
		Debug|Any CPU = Debug|Any CPU
		Release|Any CPU = Release|Any CPU
	EndGlobalSection
	GlobalSection(ProjectConfigurationPlatforms) = postSolution
		{EF1D539C-55DD-4621-952D-8C1BA3D0C282}.Debug|Any CPU.ActiveCfg = Debug|Any CPU
		{EF1D539C-55DD-4621-952D-8C1BA3D0C282}.Debug|Any CPU.Build.0 = Debug|Any CPU
		{EF1D539C-55DD-4621-952D-8C1BA3D0C282}.Release|Any CPU.ActiveCfg = Release|Any CPU
		{EF1D539C-55DD-4621-952D-8C1BA3D0C282}.Release|Any CPU.Build.0 = Release|Any CPU
		{80F6F5CE-7DDB-4248-ABDC-B4EABF8B5711}.Debug|Any CPU.ActiveCfg = Debug|Any CPU
		{80F6F5CE-7DDB-4248-ABDC-B4EABF8B5711}.Debug|Any CPU.Build.0 = Debug|Any CPU
		{80F6F5CE-7DDB-4248-ABDC-B4EABF8B5711}.Release|Any CPU.ActiveCfg = Release|Any CPU
		{80F6F5CE-7DDB-4248-ABDC-B4EABF8B5711}.Release|Any CPU.Build.0 = Release|Any CPU
	EndGlobalSection
	GlobalSection(SolutionProperties) = preSolution
		HideSolutionNode = FALSE
	EndGlobalSection
	GlobalSection(ExtensibilityGlobals) = postSolution
		SolutionGuid = {41E1858A-7902-4FD7-90D5-CDC420E09277}
	EndGlobalSection
EndGlobal
